// !$*UTF8*$!
{
	archiveVersion = 1;
	classes = {
	};
	objectVersion = 55;
	objects = {

/* Begin PBXBuildFile section */
		0F383644814FC9CE6E42F61A /* Pods_BookStore_BookStoreUITests.framework in Frameworks */ = {isa = PBXBuildFile; fileRef = 835934D25E2F0B7A21357F31 /* Pods_BookStore_BookStoreUITests.framework */; };
		2821DC940CB8CCF0FB84DDAE /* Pods_BookStore.framework in Frameworks */ = {isa = PBXBuildFile; fileRef = B84BDAD68F9AB5E6D3762A16 /* Pods_BookStore.framework */; };
		9F25087ED18F560228F0024D /* Pods_BookStoreTests.framework in Frameworks */ = {isa = PBXBuildFile; fileRef = 397B9E5102BA1485A34D7016 /* Pods_BookStoreTests.framework */; };
		F4084BE02A2E1538009868FB /* AppDelegate.swift in Sources */ = {isa = PBXBuildFile; fileRef = F4084BDF2A2E1538009868FB /* AppDelegate.swift */; };
		F4084BE22A2E1538009868FB /* SceneDelegate.swift in Sources */ = {isa = PBXBuildFile; fileRef = F4084BE12A2E1538009868FB /* SceneDelegate.swift */; };
		F4084BE42A2E1538009868FB /* BookStoreCollectionViewController.swift in Sources */ = {isa = PBXBuildFile; fileRef = F4084BE32A2E1538009868FB /* BookStoreCollectionViewController.swift */; };
		F4084BE72A2E1538009868FB /* Main.storyboard in Resources */ = {isa = PBXBuildFile; fileRef = F4084BE52A2E1538009868FB /* Main.storyboard */; };
		F4084BEA2A2E1538009868FB /* BookStore.xcdatamodeld in Sources */ = {isa = PBXBuildFile; fileRef = F4084BE82A2E1538009868FB /* BookStore.xcdatamodeld */; };
		F4084BEC2A2E1539009868FB /* Assets.xcassets in Resources */ = {isa = PBXBuildFile; fileRef = F4084BEB2A2E1539009868FB /* Assets.xcassets */; };
		F4084BEF2A2E1539009868FB /* LaunchScreen.storyboard in Resources */ = {isa = PBXBuildFile; fileRef = F4084BED2A2E1539009868FB /* LaunchScreen.storyboard */; };
		F4084BFA2A2E1539009868FB /* BookStoreTests.swift in Sources */ = {isa = PBXBuildFile; fileRef = F4084BF92A2E1539009868FB /* BookStoreTests.swift */; };
		F4084C042A2E1539009868FB /* BookStoreUITests.swift in Sources */ = {isa = PBXBuildFile; fileRef = F4084C032A2E1539009868FB /* BookStoreUITests.swift */; };
		F4084C062A2E1539009868FB /* BookStoreUITestsLaunchTests.swift in Sources */ = {isa = PBXBuildFile; fileRef = F4084C052A2E1539009868FB /* BookStoreUITestsLaunchTests.swift */; };
		F4084C212A2E515E009868FB /* ServiceType.swift in Sources */ = {isa = PBXBuildFile; fileRef = F4084C202A2E515E009868FB /* ServiceType.swift */; };
		F4084C232A2E5186009868FB /* ServiceContainer.swift in Sources */ = {isa = PBXBuildFile; fileRef = F4084C222A2E5186009868FB /* ServiceContainer.swift */; };
		F4084C252A2E51A8009868FB /* DependencyPropertyWrapper.swift in Sources */ = {isa = PBXBuildFile; fileRef = F4084C242A2E51A8009868FB /* DependencyPropertyWrapper.swift */; };
		F4084C272A2E5205009868FB /* Environment.swift in Sources */ = {isa = PBXBuildFile; fileRef = F4084C262A2E5205009868FB /* Environment.swift */; };
		F4084C292A2E52EC009868FB /* BuildConfiguration.swift in Sources */ = {isa = PBXBuildFile; fileRef = F4084C282A2E52EC009868FB /* BuildConfiguration.swift */; };
		F4084C2B2A2E538B009868FB /* BookStoreDirectoryAPI.swift in Sources */ = {isa = PBXBuildFile; fileRef = F4084C2A2A2E538B009868FB /* BookStoreDirectoryAPI.swift */; };
		F4084C2D2A2E53BE009868FB /* BookStore.swift in Sources */ = {isa = PBXBuildFile; fileRef = F4084C2C2A2E53BE009868FB /* BookStore.swift */; };
		F4084C2F2A2E5716009868FB /* BookStoreVolumeInfo.swift in Sources */ = {isa = PBXBuildFile; fileRef = F4084C2E2A2E5716009868FB /* BookStoreVolumeInfo.swift */; };
		F4084C312A2E57F2009868FB /* BookStoreSaleInfo.swift in Sources */ = {isa = PBXBuildFile; fileRef = F4084C302A2E57F2009868FB /* BookStoreSaleInfo.swift */; };
		F4084C332A2E5943009868FB /* DataError.swift in Sources */ = {isa = PBXBuildFile; fileRef = F4084C322A2E5943009868FB /* DataError.swift */; };
		F4084C382A2E5A8C009868FB /* Localizable.swift in Sources */ = {isa = PBXBuildFile; fileRef = F4084C372A2E5A8C009868FB /* Localizable.swift */; };
		F4084C3B2A2E5AA2009868FB /* Localizable.strings in Resources */ = {isa = PBXBuildFile; fileRef = F4084C392A2E5AA2009868FB /* Localizable.strings */; };
		F4084C3E2A2E5AB5009868FB /* Localizable.strings in Resources */ = {isa = PBXBuildFile; fileRef = F4084C3C2A2E5AB5009868FB /* Localizable.strings */; };
		F4084C412A2E5BD6009868FB /* StringHelper.swift in Sources */ = {isa = PBXBuildFile; fileRef = F4084C402A2E5BD6009868FB /* StringHelper.swift */; };
		F4084C432A2E5D6E009868FB /* BookStoreViewModel.swift in Sources */ = {isa = PBXBuildFile; fileRef = F4084C422A2E5D6E009868FB /* BookStoreViewModel.swift */; };
		F4084C452A2E64E2009868FB /* BookStoreListStateView.swift in Sources */ = {isa = PBXBuildFile; fileRef = F4084C442A2E64E2009868FB /* BookStoreListStateView.swift */; };
		F4084C472A2E6504009868FB /* BookStoreListState.swift in Sources */ = {isa = PBXBuildFile; fileRef = F4084C462A2E6504009868FB /* BookStoreListState.swift */; };
		F4084C492A2E6809009868FB /* BookStoreCollectionViewCell.swift in Sources */ = {isa = PBXBuildFile; fileRef = F4084C482A2E6809009868FB /* BookStoreCollectionViewCell.swift */; };
		F4084C4B2A2E74EE009868FB /* BookStoreList.swift in Sources */ = {isa = PBXBuildFile; fileRef = F4084C4A2A2E74EE009868FB /* BookStoreList.swift */; };
		F4084C4D2A2E7A1E009868FB /* UILabelHelper.swift in Sources */ = {isa = PBXBuildFile; fileRef = F4084C4C2A2E7A1E009868FB /* UILabelHelper.swift */; };
		F4084C4F2A2E7D0C009868FB /* UIImageViewHelper.swift in Sources */ = {isa = PBXBuildFile; fileRef = F4084C4E2A2E7D0C009868FB /* UIImageViewHelper.swift */; };
		F4084C512A2E7D93009868FB /* ImageLinks.swift in Sources */ = {isa = PBXBuildFile; fileRef = F4084C502A2E7D93009868FB /* ImageLinks.swift */; };
		F4084C532A2F47D5009868FB /* BookStoreDetailCollectionViewController.swift in Sources */ = {isa = PBXBuildFile; fileRef = F4084C522A2F47D5009868FB /* BookStoreDetailCollectionViewController.swift */; };
		F4084C552A2F4927009868FB /* BookStoreDetailViewCell.swift in Sources */ = {isa = PBXBuildFile; fileRef = F4084C542A2F4927009868FB /* BookStoreDetailViewCell.swift */; };
		F4084C572A2F4939009868FB /* BookStoreDetailButtonsViewCell.swift in Sources */ = {isa = PBXBuildFile; fileRef = F4084C562A2F4939009868FB /* BookStoreDetailButtonsViewCell.swift */; };
		F4084C592A2F577A009868FB /* BookStoreDetailViewModel.swift in Sources */ = {isa = PBXBuildFile; fileRef = F4084C582A2F577A009868FB /* BookStoreDetailViewModel.swift */; };
		F4084C5B2A2F582B009868FB /* BookStoreDetailSection.swift in Sources */ = {isa = PBXBuildFile; fileRef = F4084C5A2A2F582B009868FB /* BookStoreDetailSection.swift */; };
		F4084C5D2A2F5E61009868FB /* BookStoreSectionHeaderView.swift in Sources */ = {isa = PBXBuildFile; fileRef = F4084C5C2A2F5E61009868FB /* BookStoreSectionHeaderView.swift */; };
		F4084C5F2A2F642B009868FB /* UIButtonHelper.swift in Sources */ = {isa = PBXBuildFile; fileRef = F4084C5E2A2F642B009868FB /* UIButtonHelper.swift */; };
		F4084C622A2F9180009868FB /* DataManager.swift in Sources */ = {isa = PBXBuildFile; fileRef = F4084C612A2F9180009868FB /* DataManager.swift */; };
		F4084C652A2F9396009868FB /* BookStoreData+CoreDataClass.swift in Sources */ = {isa = PBXBuildFile; fileRef = F4084C642A2F9396009868FB /* BookStoreData+CoreDataClass.swift */; };
		F4084C672A2F9456009868FB /* BookStoreData+CoreDataProperties.swift in Sources */ = {isa = PBXBuildFile; fileRef = F4084C662A2F9456009868FB /* BookStoreData+CoreDataProperties.swift */; };
		F4084C692A2F968F009868FB /* VolumeInfoData+CoreDataClass.swift in Sources */ = {isa = PBXBuildFile; fileRef = F4084C682A2F968F009868FB /* VolumeInfoData+CoreDataClass.swift */; };
		F4084C6B2A2F96EF009868FB /* VolumeInfoData+CoreDataProperties.swift in Sources */ = {isa = PBXBuildFile; fileRef = F4084C6A2A2F96EF009868FB /* VolumeInfoData+CoreDataProperties.swift */; };
		F4084C6D2A2F978D009868FB /* SaleInfoData+CoreDataClass.swift in Sources */ = {isa = PBXBuildFile; fileRef = F4084C6C2A2F978D009868FB /* SaleInfoData+CoreDataClass.swift */; };
		F4084C6F2A2F97B1009868FB /* SaleInfoData+CoreDataProperties.swift in Sources */ = {isa = PBXBuildFile; fileRef = F4084C6E2A2F97B1009868FB /* SaleInfoData+CoreDataProperties.swift */; };
		F4084C712A2F97FB009868FB /* ImageLinksData+CoreDataClass.swift in Sources */ = {isa = PBXBuildFile; fileRef = F4084C702A2F97FB009868FB /* ImageLinksData+CoreDataClass.swift */; };
		F4084C732A2F981D009868FB /* ImageLinksData+CoreDataProperties.swift in Sources */ = {isa = PBXBuildFile; fileRef = F4084C722A2F981D009868FB /* ImageLinksData+CoreDataProperties.swift */; };
/* End PBXBuildFile section */

/* Begin PBXContainerItemProxy section */
		F4084BF62A2E1539009868FB /* PBXContainerItemProxy */ = {
			isa = PBXContainerItemProxy;
			containerPortal = F4084BD42A2E1538009868FB /* Project object */;
			proxyType = 1;
			remoteGlobalIDString = F4084BDB2A2E1538009868FB;
			remoteInfo = BookStore;
		};
		F4084C002A2E1539009868FB /* PBXContainerItemProxy */ = {
			isa = PBXContainerItemProxy;
			containerPortal = F4084BD42A2E1538009868FB /* Project object */;
			proxyType = 1;
			remoteGlobalIDString = F4084BDB2A2E1538009868FB;
			remoteInfo = BookStore;
		};
/* End PBXContainerItemProxy section */

/* Begin PBXFileReference section */
		08DA4EA6D92015E68695DFEE /* Pods-BookStoreTests.debug.xcconfig */ = {isa = PBXFileReference; includeInIndex = 1; lastKnownFileType = text.xcconfig; name = "Pods-BookStoreTests.debug.xcconfig"; path = "Target Support Files/Pods-BookStoreTests/Pods-BookStoreTests.debug.xcconfig"; sourceTree = "<group>"; };
		27212058550712A58DD3DDDF /* Pods-BookStore-BookStoreUITests.debug.xcconfig */ = {isa = PBXFileReference; includeInIndex = 1; lastKnownFileType = text.xcconfig; name = "Pods-BookStore-BookStoreUITests.debug.xcconfig"; path = "Target Support Files/Pods-BookStore-BookStoreUITests/Pods-BookStore-BookStoreUITests.debug.xcconfig"; sourceTree = "<group>"; };
		397B9E5102BA1485A34D7016 /* Pods_BookStoreTests.framework */ = {isa = PBXFileReference; explicitFileType = wrapper.framework; includeInIndex = 0; path = Pods_BookStoreTests.framework; sourceTree = BUILT_PRODUCTS_DIR; };
		640B3690494870284CF6045C /* Pods-BookStore.release.xcconfig */ = {isa = PBXFileReference; includeInIndex = 1; lastKnownFileType = text.xcconfig; name = "Pods-BookStore.release.xcconfig"; path = "Target Support Files/Pods-BookStore/Pods-BookStore.release.xcconfig"; sourceTree = "<group>"; };
		763C3159232DF96FB31AF611 /* Pods-BookStore.debug.xcconfig */ = {isa = PBXFileReference; includeInIndex = 1; lastKnownFileType = text.xcconfig; name = "Pods-BookStore.debug.xcconfig"; path = "Target Support Files/Pods-BookStore/Pods-BookStore.debug.xcconfig"; sourceTree = "<group>"; };
		77663119C80F5D736D1A02A9 /* Pods-BookStoreTests.release.xcconfig */ = {isa = PBXFileReference; includeInIndex = 1; lastKnownFileType = text.xcconfig; name = "Pods-BookStoreTests.release.xcconfig"; path = "Target Support Files/Pods-BookStoreTests/Pods-BookStoreTests.release.xcconfig"; sourceTree = "<group>"; };
		80EAE4FE2D40C939AF40D6EC /* Pods-BookStore-BookStoreUITests.release.xcconfig */ = {isa = PBXFileReference; includeInIndex = 1; lastKnownFileType = text.xcconfig; name = "Pods-BookStore-BookStoreUITests.release.xcconfig"; path = "Target Support Files/Pods-BookStore-BookStoreUITests/Pods-BookStore-BookStoreUITests.release.xcconfig"; sourceTree = "<group>"; };
		835934D25E2F0B7A21357F31 /* Pods_BookStore_BookStoreUITests.framework */ = {isa = PBXFileReference; explicitFileType = wrapper.framework; includeInIndex = 0; path = Pods_BookStore_BookStoreUITests.framework; sourceTree = BUILT_PRODUCTS_DIR; };
		B84BDAD68F9AB5E6D3762A16 /* Pods_BookStore.framework */ = {isa = PBXFileReference; explicitFileType = wrapper.framework; includeInIndex = 0; path = Pods_BookStore.framework; sourceTree = BUILT_PRODUCTS_DIR; };
		F4084BDC2A2E1538009868FB /* BookStore-debug.app */ = {isa = PBXFileReference; explicitFileType = wrapper.application; includeInIndex = 0; path = "BookStore-debug.app"; sourceTree = BUILT_PRODUCTS_DIR; };
		F4084BDF2A2E1538009868FB /* AppDelegate.swift */ = {isa = PBXFileReference; lastKnownFileType = sourcecode.swift; path = AppDelegate.swift; sourceTree = "<group>"; };
		F4084BE12A2E1538009868FB /* SceneDelegate.swift */ = {isa = PBXFileReference; lastKnownFileType = sourcecode.swift; path = SceneDelegate.swift; sourceTree = "<group>"; };
		F4084BE32A2E1538009868FB /* BookStoreCollectionViewController.swift */ = {isa = PBXFileReference; lastKnownFileType = sourcecode.swift; path = BookStoreCollectionViewController.swift; sourceTree = "<group>"; };
		F4084BE62A2E1538009868FB /* Base */ = {isa = PBXFileReference; lastKnownFileType = file.storyboard; name = Base; path = Base.lproj/Main.storyboard; sourceTree = "<group>"; };
		F4084BE92A2E1538009868FB /* BookStore.xcdatamodel */ = {isa = PBXFileReference; lastKnownFileType = wrapper.xcdatamodel; path = BookStore.xcdatamodel; sourceTree = "<group>"; };
		F4084BEB2A2E1539009868FB /* Assets.xcassets */ = {isa = PBXFileReference; lastKnownFileType = folder.assetcatalog; path = Assets.xcassets; sourceTree = "<group>"; };
		F4084BEE2A2E1539009868FB /* Base */ = {isa = PBXFileReference; lastKnownFileType = file.storyboard; name = Base; path = Base.lproj/LaunchScreen.storyboard; sourceTree = "<group>"; };
		F4084BF02A2E1539009868FB /* Info.plist */ = {isa = PBXFileReference; lastKnownFileType = text.plist.xml; path = Info.plist; sourceTree = "<group>"; };
		F4084BF52A2E1539009868FB /* BookStoreTests.xctest */ = {isa = PBXFileReference; explicitFileType = wrapper.cfbundle; includeInIndex = 0; path = BookStoreTests.xctest; sourceTree = BUILT_PRODUCTS_DIR; };
		F4084BF92A2E1539009868FB /* BookStoreTests.swift */ = {isa = PBXFileReference; lastKnownFileType = sourcecode.swift; path = BookStoreTests.swift; sourceTree = "<group>"; };
		F4084BFF2A2E1539009868FB /* BookStoreUITests.xctest */ = {isa = PBXFileReference; explicitFileType = wrapper.cfbundle; includeInIndex = 0; path = BookStoreUITests.xctest; sourceTree = BUILT_PRODUCTS_DIR; };
		F4084C032A2E1539009868FB /* BookStoreUITests.swift */ = {isa = PBXFileReference; lastKnownFileType = sourcecode.swift; path = BookStoreUITests.swift; sourceTree = "<group>"; };
		F4084C052A2E1539009868FB /* BookStoreUITestsLaunchTests.swift */ = {isa = PBXFileReference; lastKnownFileType = sourcecode.swift; path = BookStoreUITestsLaunchTests.swift; sourceTree = "<group>"; };
		F4084C202A2E515E009868FB /* ServiceType.swift */ = {isa = PBXFileReference; lastKnownFileType = sourcecode.swift; path = ServiceType.swift; sourceTree = "<group>"; };
		F4084C222A2E5186009868FB /* ServiceContainer.swift */ = {isa = PBXFileReference; lastKnownFileType = sourcecode.swift; path = ServiceContainer.swift; sourceTree = "<group>"; };
		F4084C242A2E51A8009868FB /* DependencyPropertyWrapper.swift */ = {isa = PBXFileReference; lastKnownFileType = sourcecode.swift; path = DependencyPropertyWrapper.swift; sourceTree = "<group>"; };
		F4084C262A2E5205009868FB /* Environment.swift */ = {isa = PBXFileReference; lastKnownFileType = sourcecode.swift; path = Environment.swift; sourceTree = "<group>"; };
		F4084C282A2E52EC009868FB /* BuildConfiguration.swift */ = {isa = PBXFileReference; lastKnownFileType = sourcecode.swift; path = BuildConfiguration.swift; sourceTree = "<group>"; };
		F4084C2A2A2E538B009868FB /* BookStoreDirectoryAPI.swift */ = {isa = PBXFileReference; lastKnownFileType = sourcecode.swift; path = BookStoreDirectoryAPI.swift; sourceTree = "<group>"; };
		F4084C2C2A2E53BE009868FB /* BookStore.swift */ = {isa = PBXFileReference; lastKnownFileType = sourcecode.swift; path = BookStore.swift; sourceTree = "<group>"; };
		F4084C2E2A2E5716009868FB /* BookStoreVolumeInfo.swift */ = {isa = PBXFileReference; lastKnownFileType = sourcecode.swift; path = BookStoreVolumeInfo.swift; sourceTree = "<group>"; };
		F4084C302A2E57F2009868FB /* BookStoreSaleInfo.swift */ = {isa = PBXFileReference; lastKnownFileType = sourcecode.swift; path = BookStoreSaleInfo.swift; sourceTree = "<group>"; };
		F4084C322A2E5943009868FB /* DataError.swift */ = {isa = PBXFileReference; lastKnownFileType = sourcecode.swift; path = DataError.swift; sourceTree = "<group>"; };
		F4084C372A2E5A8C009868FB /* Localizable.swift */ = {isa = PBXFileReference; lastKnownFileType = sourcecode.swift; path = Localizable.swift; sourceTree = "<group>"; };
		F4084C3A2A2E5AA2009868FB /* en */ = {isa = PBXFileReference; lastKnownFileType = text.plist.strings; name = en; path = Localizable.strings; sourceTree = "<group>"; };
		F4084C3D2A2E5AB5009868FB /* pt */ = {isa = PBXFileReference; lastKnownFileType = text.plist.strings; name = pt; path = Localizable.strings; sourceTree = "<group>"; };
		F4084C402A2E5BD6009868FB /* StringHelper.swift */ = {isa = PBXFileReference; lastKnownFileType = sourcecode.swift; path = StringHelper.swift; sourceTree = "<group>"; };
		F4084C422A2E5D6E009868FB /* BookStoreViewModel.swift */ = {isa = PBXFileReference; lastKnownFileType = sourcecode.swift; path = BookStoreViewModel.swift; sourceTree = "<group>"; };
		F4084C442A2E64E2009868FB /* BookStoreListStateView.swift */ = {isa = PBXFileReference; lastKnownFileType = sourcecode.swift; path = BookStoreListStateView.swift; sourceTree = "<group>"; };
		F4084C462A2E6504009868FB /* BookStoreListState.swift */ = {isa = PBXFileReference; lastKnownFileType = sourcecode.swift; path = BookStoreListState.swift; sourceTree = "<group>"; };
		F4084C482A2E6809009868FB /* BookStoreCollectionViewCell.swift */ = {isa = PBXFileReference; lastKnownFileType = sourcecode.swift; path = BookStoreCollectionViewCell.swift; sourceTree = "<group>"; };
		F4084C4A2A2E74EE009868FB /* BookStoreList.swift */ = {isa = PBXFileReference; lastKnownFileType = sourcecode.swift; path = BookStoreList.swift; sourceTree = "<group>"; };
		F4084C4C2A2E7A1E009868FB /* UILabelHelper.swift */ = {isa = PBXFileReference; lastKnownFileType = sourcecode.swift; path = UILabelHelper.swift; sourceTree = "<group>"; };
		F4084C4E2A2E7D0C009868FB /* UIImageViewHelper.swift */ = {isa = PBXFileReference; lastKnownFileType = sourcecode.swift; path = UIImageViewHelper.swift; sourceTree = "<group>"; };
		F4084C502A2E7D93009868FB /* ImageLinks.swift */ = {isa = PBXFileReference; lastKnownFileType = sourcecode.swift; path = ImageLinks.swift; sourceTree = "<group>"; };
		F4084C522A2F47D5009868FB /* BookStoreDetailCollectionViewController.swift */ = {isa = PBXFileReference; lastKnownFileType = sourcecode.swift; path = BookStoreDetailCollectionViewController.swift; sourceTree = "<group>"; };
		F4084C542A2F4927009868FB /* BookStoreDetailViewCell.swift */ = {isa = PBXFileReference; lastKnownFileType = sourcecode.swift; path = BookStoreDetailViewCell.swift; sourceTree = "<group>"; };
		F4084C562A2F4939009868FB /* BookStoreDetailButtonsViewCell.swift */ = {isa = PBXFileReference; lastKnownFileType = sourcecode.swift; path = BookStoreDetailButtonsViewCell.swift; sourceTree = "<group>"; };
		F4084C582A2F577A009868FB /* BookStoreDetailViewModel.swift */ = {isa = PBXFileReference; lastKnownFileType = sourcecode.swift; path = BookStoreDetailViewModel.swift; sourceTree = "<group>"; };
		F4084C5A2A2F582B009868FB /* BookStoreDetailSection.swift */ = {isa = PBXFileReference; lastKnownFileType = sourcecode.swift; path = BookStoreDetailSection.swift; sourceTree = "<group>"; };
		F4084C5C2A2F5E61009868FB /* BookStoreSectionHeaderView.swift */ = {isa = PBXFileReference; lastKnownFileType = sourcecode.swift; path = BookStoreSectionHeaderView.swift; sourceTree = "<group>"; };
		F4084C5E2A2F642B009868FB /* UIButtonHelper.swift */ = {isa = PBXFileReference; lastKnownFileType = sourcecode.swift; path = UIButtonHelper.swift; sourceTree = "<group>"; };
		F4084C612A2F9180009868FB /* DataManager.swift */ = {isa = PBXFileReference; lastKnownFileType = sourcecode.swift; path = DataManager.swift; sourceTree = "<group>"; };
		F4084C642A2F9396009868FB /* BookStoreData+CoreDataClass.swift */ = {isa = PBXFileReference; lastKnownFileType = sourcecode.swift; path = "BookStoreData+CoreDataClass.swift"; sourceTree = "<group>"; };
		F4084C662A2F9456009868FB /* BookStoreData+CoreDataProperties.swift */ = {isa = PBXFileReference; lastKnownFileType = sourcecode.swift; path = "BookStoreData+CoreDataProperties.swift"; sourceTree = "<group>"; };
		F4084C682A2F968F009868FB /* VolumeInfoData+CoreDataClass.swift */ = {isa = PBXFileReference; lastKnownFileType = sourcecode.swift; path = "VolumeInfoData+CoreDataClass.swift"; sourceTree = "<group>"; };
		F4084C6A2A2F96EF009868FB /* VolumeInfoData+CoreDataProperties.swift */ = {isa = PBXFileReference; lastKnownFileType = sourcecode.swift; path = "VolumeInfoData+CoreDataProperties.swift"; sourceTree = "<group>"; };
		F4084C6C2A2F978D009868FB /* SaleInfoData+CoreDataClass.swift */ = {isa = PBXFileReference; lastKnownFileType = sourcecode.swift; path = "SaleInfoData+CoreDataClass.swift"; sourceTree = "<group>"; };
		F4084C6E2A2F97B1009868FB /* SaleInfoData+CoreDataProperties.swift */ = {isa = PBXFileReference; lastKnownFileType = sourcecode.swift; path = "SaleInfoData+CoreDataProperties.swift"; sourceTree = "<group>"; };
		F4084C702A2F97FB009868FB /* ImageLinksData+CoreDataClass.swift */ = {isa = PBXFileReference; lastKnownFileType = sourcecode.swift; path = "ImageLinksData+CoreDataClass.swift"; sourceTree = "<group>"; };
		F4084C722A2F981D009868FB /* ImageLinksData+CoreDataProperties.swift */ = {isa = PBXFileReference; lastKnownFileType = sourcecode.swift; path = "ImageLinksData+CoreDataProperties.swift"; sourceTree = "<group>"; };
/* End PBXFileReference section */

/* Begin PBXFrameworksBuildPhase section */
		F4084BD92A2E1538009868FB /* Frameworks */ = {
			isa = PBXFrameworksBuildPhase;
			buildActionMask = 2147483647;
			files = (
				2821DC940CB8CCF0FB84DDAE /* Pods_BookStore.framework in Frameworks */,
			);
			runOnlyForDeploymentPostprocessing = 0;
		};
		F4084BF22A2E1539009868FB /* Frameworks */ = {
			isa = PBXFrameworksBuildPhase;
			buildActionMask = 2147483647;
			files = (
				9F25087ED18F560228F0024D /* Pods_BookStoreTests.framework in Frameworks */,
			);
			runOnlyForDeploymentPostprocessing = 0;
		};
		F4084BFC2A2E1539009868FB /* Frameworks */ = {
			isa = PBXFrameworksBuildPhase;
			buildActionMask = 2147483647;
			files = (
				0F383644814FC9CE6E42F61A /* Pods_BookStore_BookStoreUITests.framework in Frameworks */,
			);
			runOnlyForDeploymentPostprocessing = 0;
		};
/* End PBXFrameworksBuildPhase section */

/* Begin PBXGroup section */
		4DB6538E5422F01C37AA3173 /* Pods */ = {
			isa = PBXGroup;
			children = (
				763C3159232DF96FB31AF611 /* Pods-BookStore.debug.xcconfig */,
				640B3690494870284CF6045C /* Pods-BookStore.release.xcconfig */,
				27212058550712A58DD3DDDF /* Pods-BookStore-BookStoreUITests.debug.xcconfig */,
				80EAE4FE2D40C939AF40D6EC /* Pods-BookStore-BookStoreUITests.release.xcconfig */,
				08DA4EA6D92015E68695DFEE /* Pods-BookStoreTests.debug.xcconfig */,
				77663119C80F5D736D1A02A9 /* Pods-BookStoreTests.release.xcconfig */,
			);
			path = Pods;
			sourceTree = "<group>";
		};
		C19E5503A4C0BFC1B4A4AC2B /* Frameworks */ = {
			isa = PBXGroup;
			children = (
				B84BDAD68F9AB5E6D3762A16 /* Pods_BookStore.framework */,
				835934D25E2F0B7A21357F31 /* Pods_BookStore_BookStoreUITests.framework */,
				397B9E5102BA1485A34D7016 /* Pods_BookStoreTests.framework */,
			);
			name = Frameworks;
			sourceTree = "<group>";
		};
		F4084BD32A2E1538009868FB = {
			isa = PBXGroup;
			children = (
				F4084BDE2A2E1538009868FB /* BookStore */,
				F4084BF82A2E1539009868FB /* BookStoreTests */,
				F4084C022A2E1539009868FB /* BookStoreUITests */,
				F4084BDD2A2E1538009868FB /* Products */,
				4DB6538E5422F01C37AA3173 /* Pods */,
				C19E5503A4C0BFC1B4A4AC2B /* Frameworks */,
			);
			sourceTree = "<group>";
		};
		F4084BDD2A2E1538009868FB /* Products */ = {
			isa = PBXGroup;
			children = (
				F4084BDC2A2E1538009868FB /* BookStore-debug.app */,
				F4084BF52A2E1539009868FB /* BookStoreTests.xctest */,
				F4084BFF2A2E1539009868FB /* BookStoreUITests.xctest */,
			);
			name = Products;
			sourceTree = "<group>";
		};
		F4084BDE2A2E1538009868FB /* BookStore */ = {
			isa = PBXGroup;
			children = (
				F4084C132A2E1754009868FB /* App */,
				F4084C122A2E174C009868FB /* Supporting */,
				F4084BDF2A2E1538009868FB /* AppDelegate.swift */,
				F4084BE12A2E1538009868FB /* SceneDelegate.swift */,
				F4084BEB2A2E1539009868FB /* Assets.xcassets */,
				F4084BED2A2E1539009868FB /* LaunchScreen.storyboard */,
				F4084BF02A2E1539009868FB /* Info.plist */,
				F4084BE82A2E1538009868FB /* BookStore.xcdatamodeld */,
			);
			path = BookStore;
			sourceTree = "<group>";
		};
		F4084BF82A2E1539009868FB /* BookStoreTests */ = {
			isa = PBXGroup;
			children = (
				F4084BF92A2E1539009868FB /* BookStoreTests.swift */,
			);
			path = BookStoreTests;
			sourceTree = "<group>";
		};
		F4084C022A2E1539009868FB /* BookStoreUITests */ = {
			isa = PBXGroup;
			children = (
				F4084C032A2E1539009868FB /* BookStoreUITests.swift */,
				F4084C052A2E1539009868FB /* BookStoreUITestsLaunchTests.swift */,
			);
			path = BookStoreUITests;
			sourceTree = "<group>";
		};
		F4084C122A2E174C009868FB /* Supporting */ = {
			isa = PBXGroup;
			children = (
				F4084C342A2E5A5D009868FB /* Localizable */,
			);
			path = Supporting;
			sourceTree = "<group>";
		};
		F4084C132A2E1754009868FB /* App */ = {
			isa = PBXGroup;
			children = (
				F4084C1D2A2E18A0009868FB /* Util */,
				F4084C142A2E17CA009868FB /* UI Layer */,
				F4084C152A2E17D8009868FB /* Data Layer */,
			);
			path = App;
			sourceTree = "<group>";
		};
		F4084C142A2E17CA009868FB /* UI Layer */ = {
			isa = PBXGroup;
			children = (
				F4084C172A2E181E009868FB /* View Models */,
				F4084C1A2A2E1868009868FB /* View Controllers */,
				F4084C192A2E1856009868FB /* Views */,
				F4084C182A2E1833009868FB /* Storyboards */,
				F4084C162A2E1806009868FB /* Model */,
			);
			path = "UI Layer";
			sourceTree = "<group>";
		};
		F4084C152A2E17D8009868FB /* Data Layer */ = {
			isa = PBXGroup;
			children = (
				F4084C602A2F8FA2009868FB /* Core Data */,
				F4084C1C2A2E188E009868FB /* Networking */,
				F4084C1B2A2E187C009868FB /* Models */,
			);
			path = "Data Layer";
			sourceTree = "<group>";
		};
		F4084C162A2E1806009868FB /* Model */ = {
			isa = PBXGroup;
			children = (
				F4084C5A2A2F582B009868FB /* BookStoreDetailSection.swift */,
			);
			path = Model;
			sourceTree = "<group>";
		};
		F4084C172A2E181E009868FB /* View Models */ = {
			isa = PBXGroup;
			children = (
				F4084C792A2FAE5E009868FB /* BookStoreDetail */,
				F4084C782A2FAE54009868FB /* BookStoreList */,
			);
			path = "View Models";
			sourceTree = "<group>";
		};
		F4084C182A2E1833009868FB /* Storyboards */ = {
			isa = PBXGroup;
			children = (
				F4084BE52A2E1538009868FB /* Main.storyboard */,
			);
			path = Storyboards;
			sourceTree = "<group>";
		};
		F4084C192A2E1856009868FB /* Views */ = {
			isa = PBXGroup;
			children = (
				F4084C772A2FAE44009868FB /* BookStoreDetail */,
				F4084C762A2FAE37009868FB /* BookStoreList */,
			);
			path = Views;
			sourceTree = "<group>";
		};
		F4084C1A2A2E1868009868FB /* View Controllers */ = {
			isa = PBXGroup;
			children = (
				F4084C752A2FAE25009868FB /* BookStoreDetail */,
				F4084C742A2FAE0D009868FB /* BookStoreList */,
			);
			path = "View Controllers";
			sourceTree = "<group>";
		};
		F4084C1B2A2E187C009868FB /* Models */ = {
			isa = PBXGroup;
			children = (
				F4084C2C2A2E53BE009868FB /* BookStore.swift */,
				F4084C2E2A2E5716009868FB /* BookStoreVolumeInfo.swift */,
				F4084C302A2E57F2009868FB /* BookStoreSaleInfo.swift */,
				F4084C462A2E6504009868FB /* BookStoreListState.swift */,
				F4084C4A2A2E74EE009868FB /* BookStoreList.swift */,
				F4084C502A2E7D93009868FB /* ImageLinks.swift */,
			);
			path = Models;
			sourceTree = "<group>";
		};
		F4084C1C2A2E188E009868FB /* Networking */ = {
			isa = PBXGroup;
			children = (
				F4084C2A2A2E538B009868FB /* BookStoreDirectoryAPI.swift */,
				F4084C322A2E5943009868FB /* DataError.swift */,
			);
			path = Networking;
			sourceTree = "<group>";
		};
		F4084C1D2A2E18A0009868FB /* Util */ = {
			isa = PBXGroup;
			children = (
				F4084C3F2A2E5BC9009868FB /* Lib */,
				F4084C1F2A2E1913009868FB /* Dependency Injection */,
				F4084C1E2A2E190B009868FB /* Environment */,
			);
			path = Util;
			sourceTree = "<group>";
		};
		F4084C1E2A2E190B009868FB /* Environment */ = {
			isa = PBXGroup;
			children = (
				F4084C262A2E5205009868FB /* Environment.swift */,
				F4084C282A2E52EC009868FB /* BuildConfiguration.swift */,
			);
			path = Environment;
			sourceTree = "<group>";
		};
		F4084C1F2A2E1913009868FB /* Dependency Injection */ = {
			isa = PBXGroup;
			children = (
				F4084C202A2E515E009868FB /* ServiceType.swift */,
				F4084C222A2E5186009868FB /* ServiceContainer.swift */,
				F4084C242A2E51A8009868FB /* DependencyPropertyWrapper.swift */,
			);
			path = "Dependency Injection";
			sourceTree = "<group>";
		};
		F4084C342A2E5A5D009868FB /* Localizable */ = {
			isa = PBXGroup;
			children = (
				F4084C362A2E5A7D009868FB /* en.lproj */,
				F4084C352A2E5A70009868FB /* pt.lproj */,
				F4084C372A2E5A8C009868FB /* Localizable.swift */,
			);
			path = Localizable;
			sourceTree = "<group>";
		};
		F4084C352A2E5A70009868FB /* pt.lproj */ = {
			isa = PBXGroup;
			children = (
				F4084C3C2A2E5AB5009868FB /* Localizable.strings */,
			);
			path = pt.lproj;
			sourceTree = "<group>";
		};
		F4084C362A2E5A7D009868FB /* en.lproj */ = {
			isa = PBXGroup;
			children = (
				F4084C392A2E5AA2009868FB /* Localizable.strings */,
			);
			path = en.lproj;
			sourceTree = "<group>";
		};
		F4084C3F2A2E5BC9009868FB /* Lib */ = {
			isa = PBXGroup;
			children = (
				F4084C402A2E5BD6009868FB /* StringHelper.swift */,
				F4084C4C2A2E7A1E009868FB /* UILabelHelper.swift */,
				F4084C4E2A2E7D0C009868FB /* UIImageViewHelper.swift */,
				F4084C5E2A2F642B009868FB /* UIButtonHelper.swift */,
			);
			path = Lib;
			sourceTree = "<group>";
		};
		F4084C602A2F8FA2009868FB /* Core Data */ = {
			isa = PBXGroup;
			children = (
				F4084C632A2F9382009868FB /* CoreDataClassProperties */,
				F4084C612A2F9180009868FB /* DataManager.swift */,
			);
			path = "Core Data";
			sourceTree = "<group>";
		};
		F4084C632A2F9382009868FB /* CoreDataClassProperties */ = {
			isa = PBXGroup;
			children = (
				F4084C642A2F9396009868FB /* BookStoreData+CoreDataClass.swift */,
				F4084C662A2F9456009868FB /* BookStoreData+CoreDataProperties.swift */,
				F4084C682A2F968F009868FB /* VolumeInfoData+CoreDataClass.swift */,
				F4084C6A2A2F96EF009868FB /* VolumeInfoData+CoreDataProperties.swift */,
				F4084C6C2A2F978D009868FB /* SaleInfoData+CoreDataClass.swift */,
				F4084C6E2A2F97B1009868FB /* SaleInfoData+CoreDataProperties.swift */,
				F4084C702A2F97FB009868FB /* ImageLinksData+CoreDataClass.swift */,
				F4084C722A2F981D009868FB /* ImageLinksData+CoreDataProperties.swift */,
			);
			path = CoreDataClassProperties;
			sourceTree = "<group>";
		};
		F4084C742A2FAE0D009868FB /* BookStoreList */ = {
			isa = PBXGroup;
			children = (
				F4084BE32A2E1538009868FB /* BookStoreCollectionViewController.swift */,
			);
			path = BookStoreList;
			sourceTree = "<group>";
		};
		F4084C752A2FAE25009868FB /* BookStoreDetail */ = {
			isa = PBXGroup;
			children = (
				F4084C522A2F47D5009868FB /* BookStoreDetailCollectionViewController.swift */,
			);
			path = BookStoreDetail;
			sourceTree = "<group>";
		};
		F4084C762A2FAE37009868FB /* BookStoreList */ = {
			isa = PBXGroup;
			children = (
				F4084C442A2E64E2009868FB /* BookStoreListStateView.swift */,
				F4084C482A2E6809009868FB /* BookStoreCollectionViewCell.swift */,
			);
			path = BookStoreList;
			sourceTree = "<group>";
		};
		F4084C772A2FAE44009868FB /* BookStoreDetail */ = {
			isa = PBXGroup;
			children = (
				F4084C542A2F4927009868FB /* BookStoreDetailViewCell.swift */,
				F4084C562A2F4939009868FB /* BookStoreDetailButtonsViewCell.swift */,
				F4084C5C2A2F5E61009868FB /* BookStoreSectionHeaderView.swift */,
			);
			path = BookStoreDetail;
			sourceTree = "<group>";
		};
		F4084C782A2FAE54009868FB /* BookStoreList */ = {
			isa = PBXGroup;
			children = (
				F4084C422A2E5D6E009868FB /* BookStoreViewModel.swift */,
			);
			path = BookStoreList;
			sourceTree = "<group>";
		};
		F4084C792A2FAE5E009868FB /* BookStoreDetail */ = {
			isa = PBXGroup;
			children = (
				F4084C582A2F577A009868FB /* BookStoreDetailViewModel.swift */,
			);
			path = BookStoreDetail;
			sourceTree = "<group>";
		};
/* End PBXGroup section */

/* Begin PBXNativeTarget section */
		F4084BDB2A2E1538009868FB /* BookStore */ = {
			isa = PBXNativeTarget;
			buildConfigurationList = F4084C092A2E1539009868FB /* Build configuration list for PBXNativeTarget "BookStore" */;
			buildPhases = (
				6492B768F4E303684C92B3A9 /* [CP] Check Pods Manifest.lock */,
				F4084BD82A2E1538009868FB /* Sources */,
				F4084BD92A2E1538009868FB /* Frameworks */,
				F4084BDA2A2E1538009868FB /* Resources */,
				64BFAA771C917CD2B626CD4D /* [CP] Embed Pods Frameworks */,
			);
			buildRules = (
			);
			dependencies = (
			);
			name = BookStore;
			productName = BookStore;
			productReference = F4084BDC2A2E1538009868FB /* BookStore-debug.app */;
			productType = "com.apple.product-type.application";
		};
		F4084BF42A2E1539009868FB /* BookStoreTests */ = {
			isa = PBXNativeTarget;
			buildConfigurationList = F4084C0C2A2E1539009868FB /* Build configuration list for PBXNativeTarget "BookStoreTests" */;
			buildPhases = (
				1BE51853C06E5D305F53A3B1 /* [CP] Check Pods Manifest.lock */,
				F4084BF12A2E1539009868FB /* Sources */,
				F4084BF22A2E1539009868FB /* Frameworks */,
				F4084BF32A2E1539009868FB /* Resources */,
			);
			buildRules = (
			);
			dependencies = (
				F4084BF72A2E1539009868FB /* PBXTargetDependency */,
			);
			name = BookStoreTests;
			productName = BookStoreTests;
			productReference = F4084BF52A2E1539009868FB /* BookStoreTests.xctest */;
			productType = "com.apple.product-type.bundle.unit-test";
		};
		F4084BFE2A2E1539009868FB /* BookStoreUITests */ = {
			isa = PBXNativeTarget;
			buildConfigurationList = F4084C0F2A2E1539009868FB /* Build configuration list for PBXNativeTarget "BookStoreUITests" */;
			buildPhases = (
				D0F277A67C1D0713248EBEFF /* [CP] Check Pods Manifest.lock */,
				F4084BFB2A2E1539009868FB /* Sources */,
				F4084BFC2A2E1539009868FB /* Frameworks */,
				F4084BFD2A2E1539009868FB /* Resources */,
				2D8FE4E685418B9DF9A8B78D /* [CP] Embed Pods Frameworks */,
			);
			buildRules = (
			);
			dependencies = (
				F4084C012A2E1539009868FB /* PBXTargetDependency */,
			);
			name = BookStoreUITests;
			productName = BookStoreUITests;
			productReference = F4084BFF2A2E1539009868FB /* BookStoreUITests.xctest */;
			productType = "com.apple.product-type.bundle.ui-testing";
		};
/* End PBXNativeTarget section */

/* Begin PBXProject section */
		F4084BD42A2E1538009868FB /* Project object */ = {
			isa = PBXProject;
			attributes = {
				BuildIndependentTargetsInParallel = 1;
				LastSwiftUpdateCheck = 1430;
				LastUpgradeCheck = 1430;
				TargetAttributes = {
					F4084BDB2A2E1538009868FB = {
						CreatedOnToolsVersion = 14.3.1;
					};
					F4084BF42A2E1539009868FB = {
						CreatedOnToolsVersion = 14.3.1;
						TestTargetID = F4084BDB2A2E1538009868FB;
					};
					F4084BFE2A2E1539009868FB = {
						CreatedOnToolsVersion = 14.3.1;
						TestTargetID = F4084BDB2A2E1538009868FB;
					};
				};
			};
			buildConfigurationList = F4084BD72A2E1538009868FB /* Build configuration list for PBXProject "BookStore" */;
			compatibilityVersion = "Xcode 13.0";
			developmentRegion = en;
			hasScannedForEncodings = 0;
			knownRegions = (
				en,
				Base,
				pt,
			);
			mainGroup = F4084BD32A2E1538009868FB;
			productRefGroup = F4084BDD2A2E1538009868FB /* Products */;
			projectDirPath = "";
			projectRoot = "";
			targets = (
				F4084BDB2A2E1538009868FB /* BookStore */,
				F4084BF42A2E1539009868FB /* BookStoreTests */,
				F4084BFE2A2E1539009868FB /* BookStoreUITests */,
			);
		};
/* End PBXProject section */

/* Begin PBXResourcesBuildPhase section */
		F4084BDA2A2E1538009868FB /* Resources */ = {
			isa = PBXResourcesBuildPhase;
			buildActionMask = 2147483647;
			files = (
				F4084C3E2A2E5AB5009868FB /* Localizable.strings in Resources */,
				F4084BEF2A2E1539009868FB /* LaunchScreen.storyboard in Resources */,
				F4084C3B2A2E5AA2009868FB /* Localizable.strings in Resources */,
				F4084BEC2A2E1539009868FB /* Assets.xcassets in Resources */,
				F4084BE72A2E1538009868FB /* Main.storyboard in Resources */,
			);
			runOnlyForDeploymentPostprocessing = 0;
		};
		F4084BF32A2E1539009868FB /* Resources */ = {
			isa = PBXResourcesBuildPhase;
			buildActionMask = 2147483647;
			files = (
			);
			runOnlyForDeploymentPostprocessing = 0;
		};
		F4084BFD2A2E1539009868FB /* Resources */ = {
			isa = PBXResourcesBuildPhase;
			buildActionMask = 2147483647;
			files = (
			);
			runOnlyForDeploymentPostprocessing = 0;
		};
/* End PBXResourcesBuildPhase section */

/* Begin PBXShellScriptBuildPhase section */
		1BE51853C06E5D305F53A3B1 /* [CP] Check Pods Manifest.lock */ = {
			isa = PBXShellScriptBuildPhase;
			buildActionMask = 2147483647;
			files = (
			);
			inputFileListPaths = (
			);
			inputPaths = (
				"${PODS_PODFILE_DIR_PATH}/Podfile.lock",
				"${PODS_ROOT}/Manifest.lock",
			);
			name = "[CP] Check Pods Manifest.lock";
			outputFileListPaths = (
			);
			outputPaths = (
				"$(DERIVED_FILE_DIR)/Pods-BookStoreTests-checkManifestLockResult.txt",
			);
			runOnlyForDeploymentPostprocessing = 0;
			shellPath = /bin/sh;
			shellScript = "diff \"${PODS_PODFILE_DIR_PATH}/Podfile.lock\" \"${PODS_ROOT}/Manifest.lock\" > /dev/null\nif [ $? != 0 ] ; then\n    # print error to STDERR\n    echo \"error: The sandbox is not in sync with the Podfile.lock. Run 'pod install' or update your CocoaPods installation.\" >&2\n    exit 1\nfi\n# This output is used by Xcode 'outputs' to avoid re-running this script phase.\necho \"SUCCESS\" > \"${SCRIPT_OUTPUT_FILE_0}\"\n";
			showEnvVarsInLog = 0;
		};
		2D8FE4E685418B9DF9A8B78D /* [CP] Embed Pods Frameworks */ = {
			isa = PBXShellScriptBuildPhase;
			buildActionMask = 2147483647;
			files = (
			);
			inputFileListPaths = (
				"${PODS_ROOT}/Target Support Files/Pods-BookStore-BookStoreUITests/Pods-BookStore-BookStoreUITests-frameworks-${CONFIGURATION}-input-files.xcfilelist",
			);
			name = "[CP] Embed Pods Frameworks";
			outputFileListPaths = (
				"${PODS_ROOT}/Target Support Files/Pods-BookStore-BookStoreUITests/Pods-BookStore-BookStoreUITests-frameworks-${CONFIGURATION}-output-files.xcfilelist",
			);
			runOnlyForDeploymentPostprocessing = 0;
			shellPath = /bin/sh;
			shellScript = "\"${PODS_ROOT}/Target Support Files/Pods-BookStore-BookStoreUITests/Pods-BookStore-BookStoreUITests-frameworks.sh\"\n";
			showEnvVarsInLog = 0;
		};
		6492B768F4E303684C92B3A9 /* [CP] Check Pods Manifest.lock */ = {
			isa = PBXShellScriptBuildPhase;
			buildActionMask = 2147483647;
			files = (
			);
			inputFileListPaths = (
			);
			inputPaths = (
				"${PODS_PODFILE_DIR_PATH}/Podfile.lock",
				"${PODS_ROOT}/Manifest.lock",
			);
			name = "[CP] Check Pods Manifest.lock";
			outputFileListPaths = (
			);
			outputPaths = (
				"$(DERIVED_FILE_DIR)/Pods-BookStore-checkManifestLockResult.txt",
			);
			runOnlyForDeploymentPostprocessing = 0;
			shellPath = /bin/sh;
			shellScript = "diff \"${PODS_PODFILE_DIR_PATH}/Podfile.lock\" \"${PODS_ROOT}/Manifest.lock\" > /dev/null\nif [ $? != 0 ] ; then\n    # print error to STDERR\n    echo \"error: The sandbox is not in sync with the Podfile.lock. Run 'pod install' or update your CocoaPods installation.\" >&2\n    exit 1\nfi\n# This output is used by Xcode 'outputs' to avoid re-running this script phase.\necho \"SUCCESS\" > \"${SCRIPT_OUTPUT_FILE_0}\"\n";
			showEnvVarsInLog = 0;
		};
		64BFAA771C917CD2B626CD4D /* [CP] Embed Pods Frameworks */ = {
			isa = PBXShellScriptBuildPhase;
			buildActionMask = 2147483647;
			files = (
			);
			inputFileListPaths = (
				"${PODS_ROOT}/Target Support Files/Pods-BookStore/Pods-BookStore-frameworks-${CONFIGURATION}-input-files.xcfilelist",
			);
			name = "[CP] Embed Pods Frameworks";
			outputFileListPaths = (
				"${PODS_ROOT}/Target Support Files/Pods-BookStore/Pods-BookStore-frameworks-${CONFIGURATION}-output-files.xcfilelist",
			);
			runOnlyForDeploymentPostprocessing = 0;
			shellPath = /bin/sh;
			shellScript = "\"${PODS_ROOT}/Target Support Files/Pods-BookStore/Pods-BookStore-frameworks.sh\"\n";
			showEnvVarsInLog = 0;
		};
		D0F277A67C1D0713248EBEFF /* [CP] Check Pods Manifest.lock */ = {
			isa = PBXShellScriptBuildPhase;
			buildActionMask = 2147483647;
			files = (
			);
			inputFileListPaths = (
			);
			inputPaths = (
				"${PODS_PODFILE_DIR_PATH}/Podfile.lock",
				"${PODS_ROOT}/Manifest.lock",
			);
			name = "[CP] Check Pods Manifest.lock";
			outputFileListPaths = (
			);
			outputPaths = (
				"$(DERIVED_FILE_DIR)/Pods-BookStore-BookStoreUITests-checkManifestLockResult.txt",
			);
			runOnlyForDeploymentPostprocessing = 0;
			shellPath = /bin/sh;
			shellScript = "diff \"${PODS_PODFILE_DIR_PATH}/Podfile.lock\" \"${PODS_ROOT}/Manifest.lock\" > /dev/null\nif [ $? != 0 ] ; then\n    # print error to STDERR\n    echo \"error: The sandbox is not in sync with the Podfile.lock. Run 'pod install' or update your CocoaPods installation.\" >&2\n    exit 1\nfi\n# This output is used by Xcode 'outputs' to avoid re-running this script phase.\necho \"SUCCESS\" > \"${SCRIPT_OUTPUT_FILE_0}\"\n";
			showEnvVarsInLog = 0;
		};
/* End PBXShellScriptBuildPhase section */

/* Begin PBXSourcesBuildPhase section */
		F4084BD82A2E1538009868FB /* Sources */ = {
			isa = PBXSourcesBuildPhase;
			buildActionMask = 2147483647;
			files = (
				F4084C712A2F97FB009868FB /* ImageLinksData+CoreDataClass.swift in Sources */,
				F4084C592A2F577A009868FB /* BookStoreDetailViewModel.swift in Sources */,
				F4084C692A2F968F009868FB /* VolumeInfoData+CoreDataClass.swift in Sources */,
				F4084C622A2F9180009868FB /* DataManager.swift in Sources */,
				F4084C5F2A2F642B009868FB /* UIButtonHelper.swift in Sources */,
				F4084C312A2E57F2009868FB /* BookStoreSaleInfo.swift in Sources */,
				F4084C6F2A2F97B1009868FB /* SaleInfoData+CoreDataProperties.swift in Sources */,
				F4084C252A2E51A8009868FB /* DependencyPropertyWrapper.swift in Sources */,
				F4084C292A2E52EC009868FB /* BuildConfiguration.swift in Sources */,
				F4084C532A2F47D5009868FB /* BookStoreDetailCollectionViewController.swift in Sources */,
				F4084C272A2E5205009868FB /* Environment.swift in Sources */,
				F4084C6D2A2F978D009868FB /* SaleInfoData+CoreDataClass.swift in Sources */,
				F4084C412A2E5BD6009868FB /* StringHelper.swift in Sources */,
				F4084C332A2E5943009868FB /* DataError.swift in Sources */,
				F4084C4B2A2E74EE009868FB /* BookStoreList.swift in Sources */,
				F4084C212A2E515E009868FB /* ServiceType.swift in Sources */,
				F4084C432A2E5D6E009868FB /* BookStoreViewModel.swift in Sources */,
				F4084BE42A2E1538009868FB /* BookStoreCollectionViewController.swift in Sources */,
				F4084C732A2F981D009868FB /* ImageLinksData+CoreDataProperties.swift in Sources */,
				F4084C492A2E6809009868FB /* BookStoreCollectionViewCell.swift in Sources */,
				F4084C572A2F4939009868FB /* BookStoreDetailButtonsViewCell.swift in Sources */,
				F4084C672A2F9456009868FB /* BookStoreData+CoreDataProperties.swift in Sources */,
				F4084C382A2E5A8C009868FB /* Localizable.swift in Sources */,
				F4084C652A2F9396009868FB /* BookStoreData+CoreDataClass.swift in Sources */,
				F4084C472A2E6504009868FB /* BookStoreListState.swift in Sources */,
				F4084C6B2A2F96EF009868FB /* VolumeInfoData+CoreDataProperties.swift in Sources */,
				F4084BE02A2E1538009868FB /* AppDelegate.swift in Sources */,
				F4084C2D2A2E53BE009868FB /* BookStore.swift in Sources */,
				F4084C512A2E7D93009868FB /* ImageLinks.swift in Sources */,
				F4084C232A2E5186009868FB /* ServiceContainer.swift in Sources */,
				F4084C5D2A2F5E61009868FB /* BookStoreSectionHeaderView.swift in Sources */,
				F4084C552A2F4927009868FB /* BookStoreDetailViewCell.swift in Sources */,
				F4084BEA2A2E1538009868FB /* BookStore.xcdatamodeld in Sources */,
				F4084BE22A2E1538009868FB /* SceneDelegate.swift in Sources */,
				F4084C4D2A2E7A1E009868FB /* UILabelHelper.swift in Sources */,
				F4084C4F2A2E7D0C009868FB /* UIImageViewHelper.swift in Sources */,
				F4084C5B2A2F582B009868FB /* BookStoreDetailSection.swift in Sources */,
				F4084C2B2A2E538B009868FB /* BookStoreDirectoryAPI.swift in Sources */,
				F4084C2F2A2E5716009868FB /* BookStoreVolumeInfo.swift in Sources */,
				F4084C452A2E64E2009868FB /* BookStoreListStateView.swift in Sources */,
			);
			runOnlyForDeploymentPostprocessing = 0;
		};
		F4084BF12A2E1539009868FB /* Sources */ = {
			isa = PBXSourcesBuildPhase;
			buildActionMask = 2147483647;
			files = (
				F4084BFA2A2E1539009868FB /* BookStoreTests.swift in Sources */,
			);
			runOnlyForDeploymentPostprocessing = 0;
		};
		F4084BFB2A2E1539009868FB /* Sources */ = {
			isa = PBXSourcesBuildPhase;
			buildActionMask = 2147483647;
			files = (
				F4084C042A2E1539009868FB /* BookStoreUITests.swift in Sources */,
				F4084C062A2E1539009868FB /* BookStoreUITestsLaunchTests.swift in Sources */,
			);
			runOnlyForDeploymentPostprocessing = 0;
		};
/* End PBXSourcesBuildPhase section */

/* Begin PBXTargetDependency section */
		F4084BF72A2E1539009868FB /* PBXTargetDependency */ = {
			isa = PBXTargetDependency;
			target = F4084BDB2A2E1538009868FB /* BookStore */;
			targetProxy = F4084BF62A2E1539009868FB /* PBXContainerItemProxy */;
		};
		F4084C012A2E1539009868FB /* PBXTargetDependency */ = {
			isa = PBXTargetDependency;
			target = F4084BDB2A2E1538009868FB /* BookStore */;
			targetProxy = F4084C002A2E1539009868FB /* PBXContainerItemProxy */;
		};
/* End PBXTargetDependency section */

/* Begin PBXVariantGroup section */
		F4084BE52A2E1538009868FB /* Main.storyboard */ = {
			isa = PBXVariantGroup;
			children = (
				F4084BE62A2E1538009868FB /* Base */,
			);
			name = Main.storyboard;
			sourceTree = "<group>";
		};
		F4084BED2A2E1539009868FB /* LaunchScreen.storyboard */ = {
			isa = PBXVariantGroup;
			children = (
				F4084BEE2A2E1539009868FB /* Base */,
			);
			name = LaunchScreen.storyboard;
			sourceTree = "<group>";
		};
		F4084C392A2E5AA2009868FB /* Localizable.strings */ = {
			isa = PBXVariantGroup;
			children = (
				F4084C3A2A2E5AA2009868FB /* en */,
			);
			name = Localizable.strings;
			sourceTree = "<group>";
		};
		F4084C3C2A2E5AB5009868FB /* Localizable.strings */ = {
			isa = PBXVariantGroup;
			children = (
				F4084C3D2A2E5AB5009868FB /* pt */,
			);
			name = Localizable.strings;
			sourceTree = "<group>";
		};
/* End PBXVariantGroup section */

/* Begin XCBuildConfiguration section */
		F4084C072A2E1539009868FB /* Debug */ = {
			isa = XCBuildConfiguration;
			buildSettings = {
				ALWAYS_SEARCH_USER_PATHS = NO;
				CLANG_ANALYZER_NONNULL = YES;
				CLANG_ANALYZER_NUMBER_OBJECT_CONVERSION = YES_AGGRESSIVE;
				CLANG_CXX_LANGUAGE_STANDARD = "gnu++20";
				CLANG_ENABLE_MODULES = YES;
				CLANG_ENABLE_OBJC_ARC = YES;
				CLANG_ENABLE_OBJC_WEAK = YES;
				CLANG_WARN_BLOCK_CAPTURE_AUTORELEASING = YES;
				CLANG_WARN_BOOL_CONVERSION = YES;
				CLANG_WARN_COMMA = YES;
				CLANG_WARN_CONSTANT_CONVERSION = YES;
				CLANG_WARN_DEPRECATED_OBJC_IMPLEMENTATIONS = YES;
				CLANG_WARN_DIRECT_OBJC_ISA_USAGE = YES_ERROR;
				CLANG_WARN_DOCUMENTATION_COMMENTS = YES;
				CLANG_WARN_EMPTY_BODY = YES;
				CLANG_WARN_ENUM_CONVERSION = YES;
				CLANG_WARN_INFINITE_RECURSION = YES;
				CLANG_WARN_INT_CONVERSION = YES;
				CLANG_WARN_NON_LITERAL_NULL_CONVERSION = YES;
				CLANG_WARN_OBJC_IMPLICIT_RETAIN_SELF = YES;
				CLANG_WARN_OBJC_LITERAL_CONVERSION = YES;
				CLANG_WARN_OBJC_ROOT_CLASS = YES_ERROR;
				CLANG_WARN_QUOTED_INCLUDE_IN_FRAMEWORK_HEADER = YES;
				CLANG_WARN_RANGE_LOOP_ANALYSIS = YES;
				CLANG_WARN_STRICT_PROTOTYPES = YES;
				CLANG_WARN_SUSPICIOUS_MOVE = YES;
				CLANG_WARN_UNGUARDED_AVAILABILITY = YES_AGGRESSIVE;
				CLANG_WARN_UNREACHABLE_CODE = YES;
				CLANG_WARN__DUPLICATE_METHOD_MATCH = YES;
				COPY_PHASE_STRIP = NO;
				DEBUG_INFORMATION_FORMAT = dwarf;
				ENABLE_STRICT_OBJC_MSGSEND = YES;
				ENABLE_TESTABILITY = YES;
				GCC_C_LANGUAGE_STANDARD = gnu11;
				GCC_DYNAMIC_NO_PIC = NO;
				GCC_NO_COMMON_BLOCKS = YES;
				GCC_OPTIMIZATION_LEVEL = 0;
				GCC_PREPROCESSOR_DEFINITIONS = (
					"DEBUG=1",
					"$(inherited)",
				);
				GCC_WARN_64_TO_32_BIT_CONVERSION = YES;
				GCC_WARN_ABOUT_RETURN_TYPE = YES_ERROR;
				GCC_WARN_UNDECLARED_SELECTOR = YES;
				GCC_WARN_UNINITIALIZED_AUTOS = YES_AGGRESSIVE;
				GCC_WARN_UNUSED_FUNCTION = YES;
				GCC_WARN_UNUSED_VARIABLE = YES;
				IPHONEOS_DEPLOYMENT_TARGET = 16.4;
				MTL_ENABLE_DEBUG_INFO = INCLUDE_SOURCE;
				MTL_FAST_MATH = YES;
				ONLY_ACTIVE_ARCH = YES;
				SDKROOT = iphoneos;
				SWIFT_ACTIVE_COMPILATION_CONDITIONS = DEBUG;
				SWIFT_OPTIMIZATION_LEVEL = "-Onone";
			};
			name = Debug;
		};
		F4084C082A2E1539009868FB /* Release */ = {
			isa = XCBuildConfiguration;
			buildSettings = {
				ALWAYS_SEARCH_USER_PATHS = NO;
				CLANG_ANALYZER_NONNULL = YES;
				CLANG_ANALYZER_NUMBER_OBJECT_CONVERSION = YES_AGGRESSIVE;
				CLANG_CXX_LANGUAGE_STANDARD = "gnu++20";
				CLANG_ENABLE_MODULES = YES;
				CLANG_ENABLE_OBJC_ARC = YES;
				CLANG_ENABLE_OBJC_WEAK = YES;
				CLANG_WARN_BLOCK_CAPTURE_AUTORELEASING = YES;
				CLANG_WARN_BOOL_CONVERSION = YES;
				CLANG_WARN_COMMA = YES;
				CLANG_WARN_CONSTANT_CONVERSION = YES;
				CLANG_WARN_DEPRECATED_OBJC_IMPLEMENTATIONS = YES;
				CLANG_WARN_DIRECT_OBJC_ISA_USAGE = YES_ERROR;
				CLANG_WARN_DOCUMENTATION_COMMENTS = YES;
				CLANG_WARN_EMPTY_BODY = YES;
				CLANG_WARN_ENUM_CONVERSION = YES;
				CLANG_WARN_INFINITE_RECURSION = YES;
				CLANG_WARN_INT_CONVERSION = YES;
				CLANG_WARN_NON_LITERAL_NULL_CONVERSION = YES;
				CLANG_WARN_OBJC_IMPLICIT_RETAIN_SELF = YES;
				CLANG_WARN_OBJC_LITERAL_CONVERSION = YES;
				CLANG_WARN_OBJC_ROOT_CLASS = YES_ERROR;
				CLANG_WARN_QUOTED_INCLUDE_IN_FRAMEWORK_HEADER = YES;
				CLANG_WARN_RANGE_LOOP_ANALYSIS = YES;
				CLANG_WARN_STRICT_PROTOTYPES = YES;
				CLANG_WARN_SUSPICIOUS_MOVE = YES;
				CLANG_WARN_UNGUARDED_AVAILABILITY = YES_AGGRESSIVE;
				CLANG_WARN_UNREACHABLE_CODE = YES;
				CLANG_WARN__DUPLICATE_METHOD_MATCH = YES;
				COPY_PHASE_STRIP = NO;
				DEBUG_INFORMATION_FORMAT = "dwarf-with-dsym";
				ENABLE_NS_ASSERTIONS = NO;
				ENABLE_STRICT_OBJC_MSGSEND = YES;
				GCC_C_LANGUAGE_STANDARD = gnu11;
				GCC_NO_COMMON_BLOCKS = YES;
				GCC_WARN_64_TO_32_BIT_CONVERSION = YES;
				GCC_WARN_ABOUT_RETURN_TYPE = YES_ERROR;
				GCC_WARN_UNDECLARED_SELECTOR = YES;
				GCC_WARN_UNINITIALIZED_AUTOS = YES_AGGRESSIVE;
				GCC_WARN_UNUSED_FUNCTION = YES;
				GCC_WARN_UNUSED_VARIABLE = YES;
				IPHONEOS_DEPLOYMENT_TARGET = 16.4;
				MTL_ENABLE_DEBUG_INFO = NO;
				MTL_FAST_MATH = YES;
				SDKROOT = iphoneos;
				SWIFT_COMPILATION_MODE = wholemodule;
				SWIFT_OPTIMIZATION_LEVEL = "-O";
				VALIDATE_PRODUCT = YES;
			};
			name = Release;
		};
		F4084C0A2A2E1539009868FB /* Debug */ = {
			isa = XCBuildConfiguration;
			baseConfigurationReference = 763C3159232DF96FB31AF611 /* Pods-BookStore.debug.xcconfig */;
			buildSettings = {
				ASSETCATALOG_COMPILER_APPICON_NAME = AppIcon;
				ASSETCATALOG_COMPILER_GLOBAL_ACCENT_COLOR_NAME = AccentColor;
				CODE_SIGN_STYLE = Automatic;
				CURRENT_PROJECT_VERSION = 1;
				GENERATE_INFOPLIST_FILE = YES;
				INFOPLIST_FILE = BookStore/Info.plist;
				INFOPLIST_KEY_UIApplicationSupportsIndirectInputEvents = YES;
				INFOPLIST_KEY_UILaunchStoryboardName = LaunchScreen;
				INFOPLIST_KEY_UIMainStoryboardFile = Main;
				INFOPLIST_KEY_UISupportedInterfaceOrientations_iPad = "UIInterfaceOrientationPortrait UIInterfaceOrientationPortraitUpsideDown UIInterfaceOrientationLandscapeLeft UIInterfaceOrientationLandscapeRight";
				INFOPLIST_KEY_UISupportedInterfaceOrientations_iPhone = "UIInterfaceOrientationPortrait UIInterfaceOrientationLandscapeLeft UIInterfaceOrientationLandscapeRight";
				LD_RUNPATH_SEARCH_PATHS = (
					"$(inherited)",
					"@executable_path/Frameworks",
				);
				MARKETING_VERSION = 1.0;
				PRODUCT_BUNDLE_IDENTIFIER = challenge.BookStore;
				PRODUCT_NAME = "$(TARGET_NAME)-debug";
				SWIFT_EMIT_LOC_STRINGS = YES;
				SWIFT_VERSION = 5.0;
				TARGETED_DEVICE_FAMILY = "1,2";
			};
			name = Debug;
		};
		F4084C0B2A2E1539009868FB /* Release */ = {
			isa = XCBuildConfiguration;
			baseConfigurationReference = 640B3690494870284CF6045C /* Pods-BookStore.release.xcconfig */;
			buildSettings = {
				ASSETCATALOG_COMPILER_APPICON_NAME = AppIcon;
				ASSETCATALOG_COMPILER_GLOBAL_ACCENT_COLOR_NAME = AccentColor;
				CODE_SIGN_STYLE = Automatic;
				CURRENT_PROJECT_VERSION = 1;
				GENERATE_INFOPLIST_FILE = YES;
				INFOPLIST_FILE = BookStore/Info.plist;
				INFOPLIST_KEY_UIApplicationSupportsIndirectInputEvents = YES;
				INFOPLIST_KEY_UILaunchStoryboardName = LaunchScreen;
				INFOPLIST_KEY_UIMainStoryboardFile = Main;
				INFOPLIST_KEY_UISupportedInterfaceOrientations_iPad = "UIInterfaceOrientationPortrait UIInterfaceOrientationPortraitUpsideDown UIInterfaceOrientationLandscapeLeft UIInterfaceOrientationLandscapeRight";
				INFOPLIST_KEY_UISupportedInterfaceOrientations_iPhone = "UIInterfaceOrientationPortrait UIInterfaceOrientationLandscapeLeft UIInterfaceOrientationLandscapeRight";
				LD_RUNPATH_SEARCH_PATHS = (
					"$(inherited)",
					"@executable_path/Frameworks",
				);
				MARKETING_VERSION = 1.0;
				PRODUCT_BUNDLE_IDENTIFIER = challenge.BookStore;
				PRODUCT_NAME = "$(TARGET_NAME)-release";
				SWIFT_EMIT_LOC_STRINGS = YES;
				SWIFT_VERSION = 5.0;
				TARGETED_DEVICE_FAMILY = "1,2";
			};
			name = Release;
		};
		F4084C0D2A2E1539009868FB /* Debug */ = {
			isa = XCBuildConfiguration;
			baseConfigurationReference = 08DA4EA6D92015E68695DFEE /* Pods-BookStoreTests.debug.xcconfig */;
			buildSettings = {
				ALWAYS_EMBED_SWIFT_STANDARD_LIBRARIES = YES;
				BUNDLE_LOADER = "$(TEST_HOST)";
				CODE_SIGN_STYLE = Automatic;
				CURRENT_PROJECT_VERSION = 1;
				GENERATE_INFOPLIST_FILE = YES;
				IPHONEOS_DEPLOYMENT_TARGET = 16.4;
				MARKETING_VERSION = 1.0;
				PRODUCT_BUNDLE_IDENTIFIER = challenge.BookStoreTests;
				PRODUCT_NAME = "$(TARGET_NAME)";
				SWIFT_EMIT_LOC_STRINGS = NO;
				SWIFT_VERSION = 5.0;
				TARGETED_DEVICE_FAMILY = "1,2";
				TEST_HOST = "$(BUILT_PRODUCTS_DIR)/BookStore.app/$(BUNDLE_EXECUTABLE_FOLDER_PATH)/BookStore";
			};
			name = Debug;
		};
		F4084C0E2A2E1539009868FB /* Release */ = {
			isa = XCBuildConfiguration;
			baseConfigurationReference = 77663119C80F5D736D1A02A9 /* Pods-BookStoreTests.release.xcconfig */;
			buildSettings = {
				ALWAYS_EMBED_SWIFT_STANDARD_LIBRARIES = YES;
				BUNDLE_LOADER = "$(TEST_HOST)";
				CODE_SIGN_STYLE = Automatic;
				CURRENT_PROJECT_VERSION = 1;
				GENERATE_INFOPLIST_FILE = YES;
				IPHONEOS_DEPLOYMENT_TARGET = 16.4;
				MARKETING_VERSION = 1.0;
				PRODUCT_BUNDLE_IDENTIFIER = challenge.BookStoreTests;
				PRODUCT_NAME = "$(TARGET_NAME)";
				SWIFT_EMIT_LOC_STRINGS = NO;
				SWIFT_VERSION = 5.0;
				TARGETED_DEVICE_FAMILY = "1,2";
				TEST_HOST = "$(BUILT_PRODUCTS_DIR)/BookStore.app/$(BUNDLE_EXECUTABLE_FOLDER_PATH)/BookStore";
			};
			name = Release;
		};
		F4084C102A2E1539009868FB /* Debug */ = {
			isa = XCBuildConfiguration;
			baseConfigurationReference = 27212058550712A58DD3DDDF /* Pods-BookStore-BookStoreUITests.debug.xcconfig */;
			buildSettings = {
				ALWAYS_EMBED_SWIFT_STANDARD_LIBRARIES = YES;
				CODE_SIGN_STYLE = Automatic;
				CURRENT_PROJECT_VERSION = 1;
				GENERATE_INFOPLIST_FILE = YES;
				MARKETING_VERSION = 1.0;
				PRODUCT_BUNDLE_IDENTIFIER = challenge.BookStoreUITests;
				PRODUCT_NAME = "$(TARGET_NAME)";
				SWIFT_EMIT_LOC_STRINGS = NO;
				SWIFT_VERSION = 5.0;
				TARGETED_DEVICE_FAMILY = "1,2";
				TEST_TARGET_NAME = BookStore;
			};
			name = Debug;
		};
		F4084C112A2E1539009868FB /* Release */ = {
			isa = XCBuildConfiguration;
			baseConfigurationReference = 80EAE4FE2D40C939AF40D6EC /* Pods-BookStore-BookStoreUITests.release.xcconfig */;
			buildSettings = {
				ALWAYS_EMBED_SWIFT_STANDARD_LIBRARIES = YES;
				CODE_SIGN_STYLE = Automatic;
				CURRENT_PROJECT_VERSION = 1;
				GENERATE_INFOPLIST_FILE = YES;
				MARKETING_VERSION = 1.0;
				PRODUCT_BUNDLE_IDENTIFIER = challenge.BookStoreUITests;
				PRODUCT_NAME = "$(TARGET_NAME)";
				SWIFT_EMIT_LOC_STRINGS = NO;
				SWIFT_VERSION = 5.0;
				TARGETED_DEVICE_FAMILY = "1,2";
				TEST_TARGET_NAME = BookStore;
			};
			name = Release;
		};
/* End XCBuildConfiguration section */

/* Begin XCConfigurationList section */
		F4084BD72A2E1538009868FB /* Build configuration list for PBXProject "BookStore" */ = {
			isa = XCConfigurationList;
			buildConfigurations = (
				F4084C072A2E1539009868FB /* Debug */,
				F4084C082A2E1539009868FB /* Release */,
			);
			defaultConfigurationIsVisible = 0;
			defaultConfigurationName = Release;
		};
		F4084C092A2E1539009868FB /* Build configuration list for PBXNativeTarget "BookStore" */ = {
			isa = XCConfigurationList;
			buildConfigurations = (
				F4084C0A2A2E1539009868FB /* Debug */,
				F4084C0B2A2E1539009868FB /* Release */,
			);
			defaultConfigurationIsVisible = 0;
			defaultConfigurationName = Release;
		};
		F4084C0C2A2E1539009868FB /* Build configuration list for PBXNativeTarget "BookStoreTests" */ = {
			isa = XCConfigurationList;
			buildConfigurations = (
				F4084C0D2A2E1539009868FB /* Debug */,
				F4084C0E2A2E1539009868FB /* Release */,
			);
			defaultConfigurationIsVisible = 0;
			defaultConfigurationName = Release;
		};
		F4084C0F2A2E1539009868FB /* Build configuration list for PBXNativeTarget "BookStoreUITests" */ = {
			isa = XCConfigurationList;
			buildConfigurations = (
				F4084C102A2E1539009868FB /* Debug */,
				F4084C112A2E1539009868FB /* Release */,
			);
			defaultConfigurationIsVisible = 0;
			defaultConfigurationName = Release;
		};
/* End XCConfigurationList section */

/* Begin XCVersionGroup section */
		F4084BE82A2E1538009868FB /* BookStore.xcdatamodeld */ = {
			isa = XCVersionGroup;
			children = (
				F4084BE92A2E1538009868FB /* BookStore.xcdatamodel */,
			);
			currentVersion = F4084BE92A2E1538009868FB /* BookStore.xcdatamodel */;
			path = BookStore.xcdatamodeld;
			sourceTree = "<group>";
			versionGroupType = wrapper.xcdatamodel;
		};
/* End XCVersionGroup section */
	};
	rootObject = F4084BD42A2E1538009868FB /* Project object */;
}
